
Microsoft Visual Studio Solution File, Format Version 12.00
# Visual Studio Version 16
VisualStudioVersion = 16.0.30907.101
MinimumVisualStudioVersion = 10.0.40219.1
Project("{FAE04EC0-301F-11D3-BF4B-00C04F79EFBC}") = "controller", "controller\controller.csproj", "{F77383C4-E3CE-4663-8242-A9DC8D993126}"
EndProject
Global
	GlobalSection(SolutionConfigurationPlatforms) = preSolution
		Debug|Any CPU = Debug|Any CPU
		Release|Any CPU = Release|Any CPU
	EndGlobalSection
	GlobalSection(ProjectConfigurationPlatforms) = postSolution
		{F77383C4-E3CE-4663-8242-A9DC8D993126}.Debug|Any CPU.ActiveCfg = Debug|Any CPU
		{F77383C4-E3CE-4663-8242-A9DC8D993126}.Debug|Any CPU.Build.0 = Debug|Any CPU
		{F77383C4-E3CE-4663-8242-A9DC8D993126}.Release|Any CPU.ActiveCfg = Release|Any CPU
		{F77383C4-E3CE-4663-8242-A9DC8D993126}.Release|Any CPU.Build.0 = Release|Any CPU
	EndGlobalSection
	GlobalSection(SolutionProperties) = preSolution
		HideSolutionNode = FALSE
	EndGlobalSection
	GlobalSection(ExtensibilityGlobals) = postSolution
		SolutionGuid = {D4E33A7A-C97D-421C-8C4B-41B773FDB7F3}
	EndGlobalSection
EndGlobal
